// !$*UTF8*$!
{
	archiveVersion = 1;
	classes = {
	};
	objectVersion = 50;
	objects = {

/* Begin PBXBuildFile section */
		016A4AC821EEEA570009E412 /* AppDelegate.swift in Sources */ = {isa = PBXBuildFile; fileRef = 016A4AC721EEEA570009E412 /* AppDelegate.swift */; };
		016A4ACA21EEEA570009E412 /* ViewController.swift in Sources */ = {isa = PBXBuildFile; fileRef = 016A4AC921EEEA570009E412 /* ViewController.swift */; };
		016A4ACD21EEEA570009E412 /* Main.storyboard in Resources */ = {isa = PBXBuildFile; fileRef = 016A4ACB21EEEA570009E412 /* Main.storyboard */; };
		016A4ACF21EEEA590009E412 /* Assets.xcassets in Resources */ = {isa = PBXBuildFile; fileRef = 016A4ACE21EEEA590009E412 /* Assets.xcassets */; };
		016A4AD221EEEA590009E412 /* LaunchScreen.storyboard in Resources */ = {isa = PBXBuildFile; fileRef = 016A4AD021EEEA590009E412 /* LaunchScreen.storyboard */; };
		016A4ADD21EEEA590009E412 /* LoginPageApiAppTests.swift in Sources */ = {isa = PBXBuildFile; fileRef = 016A4ADC21EEEA590009E412 /* LoginPageApiAppTests.swift */; };
		016A4AE821EEEA5A0009E412 /* LoginPageApiAppUITests.swift in Sources */ = {isa = PBXBuildFile; fileRef = 016A4AE721EEEA5A0009E412 /* LoginPageApiAppUITests.swift */; };
/* End PBXBuildFile section */

/* Begin PBXContainerItemProxy section */
		016A4AD921EEEA590009E412 /* PBXContainerItemProxy */ = {
			isa = PBXContainerItemProxy;
			containerPortal = 016A4ABC21EEEA570009E412 /* Project object */;
			proxyType = 1;
			remoteGlobalIDString = 016A4AC321EEEA570009E412;
			remoteInfo = LoginPageApiApp;
		};
		016A4AE421EEEA590009E412 /* PBXContainerItemProxy */ = {
			isa = PBXContainerItemProxy;
			containerPortal = 016A4ABC21EEEA570009E412 /* Project object */;
			proxyType = 1;
			remoteGlobalIDString = 016A4AC321EEEA570009E412;
			remoteInfo = LoginPageApiApp;
		};
/* End PBXContainerItemProxy section */

/* Begin PBXFileReference section */
		016A4AC421EEEA570009E412 /* LoginPageApiApp.app */ = {isa = PBXFileReference; explicitFileType = wrapper.application; includeInIndex = 0; path = LoginPageApiApp.app; sourceTree = BUILT_PRODUCTS_DIR; };
		016A4AC721EEEA570009E412 /* AppDelegate.swift */ = {isa = PBXFileReference; lastKnownFileType = sourcecode.swift; path = AppDelegate.swift; sourceTree = "<group>"; };
		016A4AC921EEEA570009E412 /* ViewController.swift */ = {isa = PBXFileReference; lastKnownFileType = sourcecode.swift; path = ViewController.swift; sourceTree = "<group>"; };
		016A4ACC21EEEA570009E412 /* Base */ = {isa = PBXFileReference; lastKnownFileType = file.storyboard; name = Base; path = Base.lproj/Main.storyboard; sourceTree = "<group>"; };
		016A4ACE21EEEA590009E412 /* Assets.xcassets */ = {isa = PBXFileReference; lastKnownFileType = folder.assetcatalog; path = Assets.xcassets; sourceTree = "<group>"; };
		016A4AD121EEEA590009E412 /* Base */ = {isa = PBXFileReference; lastKnownFileType = file.storyboard; name = Base; path = Base.lproj/LaunchScreen.storyboard; sourceTree = "<group>"; };
		016A4AD321EEEA590009E412 /* Info.plist */ = {isa = PBXFileReference; lastKnownFileType = text.plist.xml; path = Info.plist; sourceTree = "<group>"; };
		016A4AD821EEEA590009E412 /* LoginPageApiAppTests.xctest */ = {isa = PBXFileReference; explicitFileType = wrapper.cfbundle; includeInIndex = 0; path = LoginPageApiAppTests.xctest; sourceTree = BUILT_PRODUCTS_DIR; };
		016A4ADC21EEEA590009E412 /* LoginPageApiAppTests.swift */ = {isa = PBXFileReference; lastKnownFileType = sourcecode.swift; path = LoginPageApiAppTests.swift; sourceTree = "<group>"; };
		016A4ADE21EEEA590009E412 /* Info.plist */ = {isa = PBXFileReference; lastKnownFileType = text.plist.xml; path = Info.plist; sourceTree = "<group>"; };
		016A4AE321EEEA590009E412 /* LoginPageApiAppUITests.xctest */ = {isa = PBXFileReference; explicitFileType = wrapper.cfbundle; includeInIndex = 0; path = LoginPageApiAppUITests.xctest; sourceTree = BUILT_PRODUCTS_DIR; };
		016A4AE721EEEA5A0009E412 /* LoginPageApiAppUITests.swift */ = {isa = PBXFileReference; lastKnownFileType = sourcecode.swift; path = LoginPageApiAppUITests.swift; sourceTree = "<group>"; };
		016A4AE921EEEA5A0009E412 /* Info.plist */ = {isa = PBXFileReference; lastKnownFileType = text.plist.xml; path = Info.plist; sourceTree = "<group>"; };
/* End PBXFileReference section */

/* Begin PBXFrameworksBuildPhase section */
		016A4AC121EEEA570009E412 /* Frameworks */ = {
			isa = PBXFrameworksBuildPhase;
			buildActionMask = 2147483647;
			files = (
			);
			runOnlyForDeploymentPostprocessing = 0;
		};
		016A4AD521EEEA590009E412 /* Frameworks */ = {
			isa = PBXFrameworksBuildPhase;
			buildActionMask = 2147483647;
			files = (
			);
			runOnlyForDeploymentPostprocessing = 0;
		};
		016A4AE021EEEA590009E412 /* Frameworks */ = {
			isa = PBXFrameworksBuildPhase;
			buildActionMask = 2147483647;
			files = (
			);
			runOnlyForDeploymentPostprocessing = 0;
		};
/* End PBXFrameworksBuildPhase section */

/* Begin PBXGroup section */
		016A4ABB21EEEA570009E412 = {
			isa = PBXGroup;
			children = (
				016A4AC621EEEA570009E412 /* LoginPageApiApp */,
				016A4ADB21EEEA590009E412 /* LoginPageApiAppTests */,
				016A4AE621EEEA5A0009E412 /* LoginPageApiAppUITests */,
				016A4AC521EEEA570009E412 /* Products */,
			);
			sourceTree = "<group>";
		};
		016A4AC521EEEA570009E412 /* Products */ = {
			isa = PBXGroup;
			children = (
				016A4AC421EEEA570009E412 /* LoginPageApiApp.app */,
				016A4AD821EEEA590009E412 /* LoginPageApiAppTests.xctest */,
				016A4AE321EEEA590009E412 /* LoginPageApiAppUITests.xctest */,
			);
			name = Products;
			sourceTree = "<group>";
		};
		016A4AC621EEEA570009E412 /* LoginPageApiApp */ = {
			isa = PBXGroup;
			children = (
				016A4AC721EEEA570009E412 /* AppDelegate.swift */,
				016A4AC921EEEA570009E412 /* ViewController.swift */,
				016A4ACB21EEEA570009E412 /* Main.storyboard */,
				016A4ACE21EEEA590009E412 /* Assets.xcassets */,
				016A4AD021EEEA590009E412 /* LaunchScreen.storyboard */,
				016A4AD321EEEA590009E412 /* Info.plist */,
			);
			path = LoginPageApiApp;
			sourceTree = "<group>";
		};
		016A4ADB21EEEA590009E412 /* LoginPageApiAppTests */ = {
			isa = PBXGroup;
			children = (
				016A4ADC21EEEA590009E412 /* LoginPageApiAppTests.swift */,
				016A4ADE21EEEA590009E412 /* Info.plist */,
			);
			path = LoginPageApiAppTests;
			sourceTree = "<group>";
		};
		016A4AE621EEEA5A0009E412 /* LoginPageApiAppUITests */ = {
			isa = PBXGroup;
			children = (
				016A4AE721EEEA5A0009E412 /* LoginPageApiAppUITests.swift */,
				016A4AE921EEEA5A0009E412 /* Info.plist */,
			);
			path = LoginPageApiAppUITests;
			sourceTree = "<group>";
		};
/* End PBXGroup section */

/* Begin PBXNativeTarget section */
		016A4AC321EEEA570009E412 /* LoginPageApiApp */ = {
			isa = PBXNativeTarget;
			buildConfigurationList = 016A4AEC21EEEA5A0009E412 /* Build configuration list for PBXNativeTarget "LoginPageApiApp" */;
			buildPhases = (
				016A4AC021EEEA570009E412 /* Sources */,
				016A4AC121EEEA570009E412 /* Frameworks */,
				016A4AC221EEEA570009E412 /* Resources */,
			);
			buildRules = (
			);
			dependencies = (
			);
			name = LoginPageApiApp;
			productName = LoginPageApiApp;
			productReference = 016A4AC421EEEA570009E412 /* LoginPageApiApp.app */;
			productType = "com.apple.product-type.application";
		};
		016A4AD721EEEA590009E412 /* LoginPageApiAppTests */ = {
			isa = PBXNativeTarget;
			buildConfigurationList = 016A4AEF21EEEA5A0009E412 /* Build configuration list for PBXNativeTarget "LoginPageApiAppTests" */;
			buildPhases = (
				016A4AD421EEEA590009E412 /* Sources */,
				016A4AD521EEEA590009E412 /* Frameworks */,
				016A4AD621EEEA590009E412 /* Resources */,
			);
			buildRules = (
			);
			dependencies = (
				016A4ADA21EEEA590009E412 /* PBXTargetDependency */,
			);
			name = LoginPageApiAppTests;
			productName = LoginPageApiAppTests;
			productReference = 016A4AD821EEEA590009E412 /* LoginPageApiAppTests.xctest */;
			productType = "com.apple.product-type.bundle.unit-test";
		};
		016A4AE221EEEA590009E412 /* LoginPageApiAppUITests */ = {
			isa = PBXNativeTarget;
			buildConfigurationList = 016A4AF221EEEA5A0009E412 /* Build configuration list for PBXNativeTarget "LoginPageApiAppUITests" */;
			buildPhases = (
				016A4ADF21EEEA590009E412 /* Sources */,
				016A4AE021EEEA590009E412 /* Frameworks */,
				016A4AE121EEEA590009E412 /* Resources */,
			);
			buildRules = (
			);
			dependencies = (
				016A4AE521EEEA590009E412 /* PBXTargetDependency */,
			);
			name = LoginPageApiAppUITests;
			productName = LoginPageApiAppUITests;
			productReference = 016A4AE321EEEA590009E412 /* LoginPageApiAppUITests.xctest */;
			productType = "com.apple.product-type.bundle.ui-testing";
		};
/* End PBXNativeTarget section */

/* Begin PBXProject section */
		016A4ABC21EEEA570009E412 /* Project object */ = {
			isa = PBXProject;
			attributes = {
				LastSwiftUpdateCheck = 1010;
				LastUpgradeCheck = 1010;
				ORGANIZATIONNAME = Priya;
				TargetAttributes = {
					016A4AC321EEEA570009E412 = {
						CreatedOnToolsVersion = 10.1;
					};
					016A4AD721EEEA590009E412 = {
						CreatedOnToolsVersion = 10.1;
						TestTargetID = 016A4AC321EEEA570009E412;
					};
					016A4AE221EEEA590009E412 = {
						CreatedOnToolsVersion = 10.1;
						TestTargetID = 016A4AC321EEEA570009E412;
					};
				};
			};
			buildConfigurationList = 016A4ABF21EEEA570009E412 /* Build configuration list for PBXProject "LoginPageApiApp" */;
			compatibilityVersion = "Xcode 9.3";
			developmentRegion = en;
			hasScannedForEncodings = 0;
			knownRegions = (
				en,
				Base,
			);
			mainGroup = 016A4ABB21EEEA570009E412;
			productRefGroup = 016A4AC521EEEA570009E412 /* Products */;
			projectDirPath = "";
			projectRoot = "";
			targets = (
				016A4AC321EEEA570009E412 /* LoginPageApiApp */,
				016A4AD721EEEA590009E412 /* LoginPageApiAppTests */,
				016A4AE221EEEA590009E412 /* LoginPageApiAppUITests */,
			);
		};
/* End PBXProject section */

/* Begin PBXResourcesBuildPhase section */
		016A4AC221EEEA570009E412 /* Resources */ = {
			isa = PBXResourcesBuildPhase;
			buildActionMask = 2147483647;
			files = (
				016A4AD221EEEA590009E412 /* LaunchScreen.storyboard in Resources */,
				016A4ACF21EEEA590009E412 /* Assets.xcassets in Resources */,
				016A4ACD21EEEA570009E412 /* Main.storyboard in Resources */,
			);
			runOnlyForDeploymentPostprocessing = 0;
		};
		016A4AD621EEEA590009E412 /* Resources */ = {
			isa = PBXResourcesBuildPhase;
			buildActionMask = 2147483647;
			files = (
			);
			runOnlyForDeploymentPostprocessing = 0;
		};
		016A4AE121EEEA590009E412 /* Resources */ = {
			isa = PBXResourcesBuildPhase;
			buildActionMask = 2147483647;
			files = (
			);
			runOnlyForDeploymentPostprocessing = 0;
		};
/* End PBXResourcesBuildPhase section */

/* Begin PBXSourcesBuildPhase section */
		016A4AC021EEEA570009E412 /* Sources */ = {
			isa = PBXSourcesBuildPhase;
			buildActionMask = 2147483647;
			files = (
				016A4ACA21EEEA570009E412 /* ViewController.swift in Sources */,
				016A4AC821EEEA570009E412 /* AppDelegate.swift in Sources */,
			);
			runOnlyForDeploymentPostprocessing = 0;
		};
		016A4AD421EEEA590009E412 /* Sources */ = {
			isa = PBXSourcesBuildPhase;
			buildActionMask = 2147483647;
			files = (
				016A4ADD21EEEA590009E412 /* LoginPageApiAppTests.swift in Sources */,
			);
			runOnlyForDeploymentPostprocessing = 0;
		};
		016A4ADF21EEEA590009E412 /* Sources */ = {
			isa = PBXSourcesBuildPhase;
			buildActionMask = 2147483647;
			files = (
				016A4AE821EEEA5A0009E412 /* LoginPageApiAppUITests.swift in Sources */,
			);
			runOnlyForDeploymentPostprocessing = 0;
		};
/* End PBXSourcesBuildPhase section */

/* Begin PBXTargetDependency section */
		016A4ADA21EEEA590009E412 /* PBXTargetDependency */ = {
			isa = PBXTargetDependency;
			target = 016A4AC321EEEA570009E412 /* LoginPageApiApp */;
			targetProxy = 016A4AD921EEEA590009E412 /* PBXContainerItemProxy */;
		};
		016A4AE521EEEA590009E412 /* PBXTargetDependency */ = {
			isa = PBXTargetDependency;
			target = 016A4AC321EEEA570009E412 /* LoginPageApiApp */;
			targetProxy = 016A4AE421EEEA590009E412 /* PBXContainerItemProxy */;
		};
/* End PBXTargetDependency section */

/* Begin PBXVariantGroup section */
		016A4ACB21EEEA570009E412 /* Main.storyboard */ = {
			isa = PBXVariantGroup;
			children = (
				016A4ACC21EEEA570009E412 /* Base */,
			);
			name = Main.storyboard;
			sourceTree = "<group>";
		};
		016A4AD021EEEA590009E412 /* LaunchScreen.storyboard */ = {
			isa = PBXVariantGroup;
			children = (
				016A4AD121EEEA590009E412 /* Base */,
			);
			name = LaunchScreen.storyboard;
			sourceTree = "<group>";
		};
/* End PBXVariantGroup section */

/* Begin XCBuildConfiguration section */
		016A4AEA21EEEA5A0009E412 /* Debug */ = {
			isa = XCBuildConfiguration;
			buildSettings = {
				ALWAYS_SEARCH_USER_PATHS = NO;
				CLANG_ANALYZER_NONNULL = YES;
				CLANG_ANALYZER_NUMBER_OBJECT_CONVERSION = YES_AGGRESSIVE;
				CLANG_CXX_LANGUAGE_STANDARD = "gnu++14";
				CLANG_CXX_LIBRARY = "libc++";
				CLANG_ENABLE_MODULES = YES;
				CLANG_ENABLE_OBJC_ARC = YES;
				CLANG_ENABLE_OBJC_WEAK = YES;
				CLANG_WARN_BLOCK_CAPTURE_AUTORELEASING = YES;
				CLANG_WARN_BOOL_CONVERSION = YES;
				CLANG_WARN_COMMA = YES;
				CLANG_WARN_CONSTANT_CONVERSION = YES;
				CLANG_WARN_DEPRECATED_OBJC_IMPLEMENTATIONS = YES;
				CLANG_WARN_DIRECT_OBJC_ISA_USAGE = YES_ERROR;
				CLANG_WARN_DOCUMENTATION_COMMENTS = YES;
				CLANG_WARN_EMPTY_BODY = YES;
				CLANG_WARN_ENUM_CONVERSION = YES;
				CLANG_WARN_INFINITE_RECURSION = YES;
				CLANG_WARN_INT_CONVERSION = YES;
				CLANG_WARN_NON_LITERAL_NULL_CONVERSION = YES;
				CLANG_WARN_OBJC_IMPLICIT_RETAIN_SELF = YES;
				CLANG_WARN_OBJC_LITERAL_CONVERSION = YES;
				CLANG_WARN_OBJC_ROOT_CLASS = YES_ERROR;
				CLANG_WARN_RANGE_LOOP_ANALYSIS = YES;
				CLANG_WARN_STRICT_PROTOTYPES = YES;
				CLANG_WARN_SUSPICIOUS_MOVE = YES;
				CLANG_WARN_UNGUARDED_AVAILABILITY = YES_AGGRESSIVE;
				CLANG_WARN_UNREACHABLE_CODE = YES;
				CLANG_WARN__DUPLICATE_METHOD_MATCH = YES;
				CODE_SIGN_IDENTITY = "iPhone Developer";
				COPY_PHASE_STRIP = NO;
				DEBUG_INFORMATION_FORMAT = dwarf;
				ENABLE_STRICT_OBJC_MSGSEND = YES;
				ENABLE_TESTABILITY = YES;
				GCC_C_LANGUAGE_STANDARD = gnu11;
				GCC_DYNAMIC_NO_PIC = NO;
				GCC_NO_COMMON_BLOCKS = YES;
				GCC_OPTIMIZATION_LEVEL = 0;
				GCC_PREPROCESSOR_DEFINITIONS = (
					"DEBUG=1",
					"$(inherited)",
				);
				GCC_WARN_64_TO_32_BIT_CONVERSION = YES;
				GCC_WARN_ABOUT_RETURN_TYPE = YES_ERROR;
				GCC_WARN_UNDECLARED_SELECTOR = YES;
				GCC_WARN_UNINITIALIZED_AUTOS = YES_AGGRESSIVE;
				GCC_WARN_UNUSED_FUNCTION = YES;
				GCC_WARN_UNUSED_VARIABLE = YES;
				IPHONEOS_DEPLOYMENT_TARGET = 12.1;
				MTL_ENABLE_DEBUG_INFO = INCLUDE_SOURCE;
				MTL_FAST_MATH = YES;
				ONLY_ACTIVE_ARCH = YES;
				SDKROOT = iphoneos;
				SWIFT_ACTIVE_COMPILATION_CONDITIONS = DEBUG;
				SWIFT_OPTIMIZATION_LEVEL = "-Onone";
			};
			name = Debug;
		};
		016A4AEB21EEEA5A0009E412 /* Release */ = {
			isa = XCBuildConfiguration;
			buildSettings = {
				ALWAYS_SEARCH_USER_PATHS = NO;
				CLANG_ANALYZER_NONNULL = YES;
				CLANG_ANALYZER_NUMBER_OBJECT_CONVERSION = YES_AGGRESSIVE;
				CLANG_CXX_LANGUAGE_STANDARD = "gnu++14";
				CLANG_CXX_LIBRARY = "libc++";
				CLANG_ENABLE_MODULES = YES;
				CLANG_ENABLE_OBJC_ARC = YES;
				CLANG_ENABLE_OBJC_WEAK = YES;
				CLANG_WARN_BLOCK_CAPTURE_AUTORELEASING = YES;
				CLANG_WARN_BOOL_CONVERSION = YES;
				CLANG_WARN_COMMA = YES;
				CLANG_WARN_CONSTANT_CONVERSION = YES;
				CLANG_WARN_DEPRECATED_OBJC_IMPLEMENTATIONS = YES;
				CLANG_WARN_DIRECT_OBJC_ISA_USAGE = YES_ERROR;
				CLANG_WARN_DOCUMENTATION_COMMENTS = YES;
				CLANG_WARN_EMPTY_BODY = YES;
				CLANG_WARN_ENUM_CONVERSION = YES;
				CLANG_WARN_INFINITE_RECURSION = YES;
				CLANG_WARN_INT_CONVERSION = YES;
				CLANG_WARN_NON_LITERAL_NULL_CONVERSION = YES;
				CLANG_WARN_OBJC_IMPLICIT_RETAIN_SELF = YES;
				CLANG_WARN_OBJC_LITERAL_CONVERSION = YES;
				CLANG_WARN_OBJC_ROOT_CLASS = YES_ERROR;
				CLANG_WARN_RANGE_LOOP_ANALYSIS = YES;
				CLANG_WARN_STRICT_PROTOTYPES = YES;
				CLANG_WARN_SUSPICIOUS_MOVE = YES;
				CLANG_WARN_UNGUARDED_AVAILABILITY = YES_AGGRESSIVE;
				CLANG_WARN_UNREACHABLE_CODE = YES;
				CLANG_WARN__DUPLICATE_METHOD_MATCH = YES;
				CODE_SIGN_IDENTITY = "iPhone Developer";
				COPY_PHASE_STRIP = NO;
				DEBUG_INFORMATION_FORMAT = "dwarf-with-dsym";
				ENABLE_NS_ASSERTIONS = NO;
				ENABLE_STRICT_OBJC_MSGSEND = YES;
				GCC_C_LANGUAGE_STANDARD = gnu11;
				GCC_NO_COMMON_BLOCKS = YES;
				GCC_WARN_64_TO_32_BIT_CONVERSION = YES;
				GCC_WARN_ABOUT_RETURN_TYPE = YES_ERROR;
				GCC_WARN_UNDECLARED_SELECTOR = YES;
				GCC_WARN_UNINITIALIZED_AUTOS = YES_AGGRESSIVE;
				GCC_WARN_UNUSED_FUNCTION = YES;
				GCC_WARN_UNUSED_VARIABLE = YES;
				IPHONEOS_DEPLOYMENT_TARGET = 12.1;
				MTL_ENABLE_DEBUG_INFO = NO;
				MTL_FAST_MATH = YES;
				SDKROOT = iphoneos;
				SWIFT_COMPILATION_MODE = wholemodule;
				SWIFT_OPTIMIZATION_LEVEL = "-O";
				VALIDATE_PRODUCT = YES;
			};
			name = Release;
		};
		016A4AED21EEEA5A0009E412 /* Debug */ = {
			isa = XCBuildConfiguration;
			buildSettings = {
				ASSETCATALOG_COMPILER_APPICON_NAME = AppIcon;
				CODE_SIGN_STYLE = Automatic;
				INFOPLIST_FILE = LoginPageApiApp/Info.plist;
				LD_RUNPATH_SEARCH_PATHS = (
					"$(inherited)",
					"@executable_path/Frameworks",
				);
				PRODUCT_BUNDLE_IDENTIFIER = com.priya.LoginPageApiApp;
				PRODUCT_NAME = "$(TARGET_NAME)";
				SWIFT_VERSION = 4.2;
				TARGETED_DEVICE_FAMILY = "1,2";
			};
			name = Debug;
		};
		016A4AEE21EEEA5A0009E412 /* Release */ = {
			isa = XCBuildConfiguration;
			buildSettings = {
				ASSETCATALOG_COMPILER_APPICON_NAME = AppIcon;
				CODE_SIGN_STYLE = Automatic;
				INFOPLIST_FILE = LoginPageApiApp/Info.plist;
				LD_RUNPATH_SEARCH_PATHS = (
					"$(inherited)",
					"@executable_path/Frameworks",
				);
				PRODUCT_BUNDLE_IDENTIFIER = com.priya.LoginPageApiApp;
				PRODUCT_NAME = "$(TARGET_NAME)";
				SWIFT_VERSION = 4.2;
				TARGETED_DEVICE_FAMILY = "1,2";
			};
			name = Release;
		};
		016A4AF021EEEA5A0009E412 /* Debug */ = {
			isa = XCBuildConfiguration;
			buildSettings = {
				ALWAYS_EMBED_SWIFT_STANDARD_LIBRARIES = YES;
				BUNDLE_LOADER = "$(TEST_HOST)";
				CODE_SIGN_STYLE = Automatic;
				INFOPLIST_FILE = LoginPageApiAppTests/Info.plist;
				LD_RUNPATH_SEARCH_PATHS = (
					"$(inherited)",
					"@executable_path/Frameworks",
					"@loader_path/Frameworks",
				);
				PRODUCT_BUNDLE_IDENTIFIER = com.priya.LoginPageApiAppTests;
				PRODUCT_NAME = "$(TARGET_NAME)";
				SWIFT_VERSION = 4.2;
				TARGETED_DEVICE_FAMILY = "1,2";
				TEST_HOST = "$(BUILT_PRODUCTS_DIR)/LoginPageApiApp.app/LoginPageApiApp";
			};
			name = Debug;
		};
		016A4AF121EEEA5A0009E412 /* Release */ = {
			isa = XCBuildConfiguration;
			buildSettings = {
				ALWAYS_EMBED_SWIFT_STANDARD_LIBRARIES = YES;
				BUNDLE_LOADER = "$(TEST_HOST)";
				CODE_SIGN_STYLE = Automatic;
				INFOPLIST_FILE = LoginPageApiAppTests/Info.plist;
				LD_RUNPATH_SEARCH_PATHS = (
					"$(inherited)",
					"@executable_path/Frameworks",
					"@loader_path/Frameworks",
				);
				PRODUCT_BUNDLE_IDENTIFIER = com.priya.LoginPageApiAppTests;
				PRODUCT_NAME = "$(TARGET_NAME)";
				SWIFT_VERSION = 4.2;
				TARGETED_DEVICE_FAMILY = "1,2";
				TEST_HOST = "$(BUILT_PRODUCTS_DIR)/LoginPageApiApp.app/LoginPageApiApp";
			};
			name = Release;
		};
		016A4AF321EEEA5A0009E412 /* Debug */ = {
			isa = XCBuildConfiguration;
			buildSettings = {
				ALWAYS_EMBED_SWIFT_STANDARD_LIBRARIES = YES;
				CODE_SIGN_STYLE = Automatic;
				INFOPLIST_FILE = LoginPageApiAppUITests/Info.plist;
				LD_RUNPATH_SEARCH_PATHS = (
					"$(inherited)",
					"@executable_path/Frameworks",
					"@loader_path/Frameworks",
				);
				PRODUCT_BUNDLE_IDENTIFIER = com.priya.LoginPageApiAppUITests;
				PRODUCT_NAME = "$(TARGET_NAME)";
				SWIFT_VERSION = 4.2;
				TARGETED_DEVICE_FAMILY = "1,2";
				TEST_TARGET_NAME = LoginPageApiApp;
			};
			name = Debug;
		};
		016A4AF421EEEA5A0009E412 /* Release */ = {
			isa = XCBuildConfiguration;
			buildSettings = {
				ALWAYS_EMBED_SWIFT_STANDARD_LIBRARIES = YES;
				CODE_SIGN_STYLE = Automatic;
				INFOPLIST_FILE = LoginPageApiAppUITests/Info.plist;
				LD_RUNPATH_SEARCH_PATHS = (
					"$(inherited)",
					"@executable_path/Frameworks",
					"@loader_path/Frameworks",
				);
				PRODUCT_BUNDLE_IDENTIFIER = com.priya.LoginPageApiAppUITests;
				PRODUCT_NAME = "$(TARGET_NAME)";
				SWIFT_VERSION = 4.2;
				TARGETED_DEVICE_FAMILY = "1,2";
				TEST_TARGET_NAME = LoginPageApiApp;
			};
			name = Release;
		};
/* End XCBuildConfiguration section */

/* Begin XCConfigurationList section */
		016A4ABF21EEEA570009E412 /* Build configuration list for PBXProject "LoginPageApiApp" */ = {
			isa = XCConfigurationList;
			buildConfigurations = (
				016A4AEA21EEEA5A0009E412 /* Debug */,
				016A4AEB21EEEA5A0009E412 /* Release */,
			);
			defaultConfigurationIsVisible = 0;
			defaultConfigurationName = Release;
		};
		016A4AEC21EEEA5A0009E412 /* Build configuration list for PBXNativeTarget "LoginPageApiApp" */ = {
			isa = XCConfigurationList;
			buildConfigurations = (
				016A4AED21EEEA5A0009E412 /* Debug */,
				016A4AEE21EEEA5A0009E412 /* Release */,
			);
			defaultConfigurationIsVisible = 0;
			defaultConfigurationName = Release;
		};
		016A4AEF21EEEA5A0009E412 /* Build configuration list for PBXNativeTarget "LoginPageApiAppTests" */ = {
			isa = XCConfigurationList;
			buildConfigurations = (
				016A4AF021EEEA5A0009E412 /* Debug */,
				016A4AF121EEEA5A0009E412 /* Release */,
			);
			defaultConfigurationIsVisible = 0;
			defaultConfigurationName = Release;
		};
		016A4AF221EEEA5A0009E412 /* Build configuration list for PBXNativeTarget "LoginPageApiAppUITests" */ = {
			isa = XCConfigurationList;
			buildConfigurations = (
				016A4AF321EEEA5A0009E412 /* Debug */,
				016A4AF421EEEA5A0009E412 /* Release */,
			);
			defaultConfigurationIsVisible = 0;
			defaultConfigurationName = Release;
		};
/* End XCConfigurationList section */
	};
	rootObject = 016A4ABC21EEEA570009E412 /* Project object */;
}
